
Microsoft Visual Studio Solution File, Format Version 12.00
# Visual Studio 15
VisualStudioVersion = 15.0.28307.852
MinimumVisualStudioVersion = 10.0.40219.1
Project("{FAE04EC0-301F-11D3-BF4B-00C04F79EFBC}") = "CST407_HillCypher_NickandArmando", "CST407_HillCypher_NickandArmando\CST407_HillCypher_NickandArmando.csproj", "{1632B84C-81AE-42D7-AB69-63FC59E0E451}"
EndProject
Global
	GlobalSection(SolutionConfigurationPlatforms) = preSolution
		Debug|Any CPU = Debug|Any CPU
		Release|Any CPU = Release|Any CPU
	EndGlobalSection
	GlobalSection(ProjectConfigurationPlatforms) = postSolution
		{1632B84C-81AE-42D7-AB69-63FC59E0E451}.Debug|Any CPU.ActiveCfg = Debug|Any CPU
		{1632B84C-81AE-42D7-AB69-63FC59E0E451}.Debug|Any CPU.Build.0 = Debug|Any CPU
		{1632B84C-81AE-42D7-AB69-63FC59E0E451}.Release|Any CPU.ActiveCfg = Release|Any CPU
		{1632B84C-81AE-42D7-AB69-63FC59E0E451}.Release|Any CPU.Build.0 = Release|Any CPU
	EndGlobalSection
	GlobalSection(SolutionProperties) = preSolution
		HideSolutionNode = FALSE
	EndGlobalSection
	GlobalSection(ExtensibilityGlobals) = postSolution
		SolutionGuid = {51D487E2-2BA0-44C2-8532-B2C2F0D45A5F}
	EndGlobalSection
EndGlobal
